# THIS IS AN AUTOGENERATED FILE. DO NOT EDIT THIS FILE DIRECTLY.
# yarn lockfile v1


"@babel/runtime@^7.12.1", "@babel/runtime@^7.9.2":
  version "7.20.1"
  resolved "https://registry.yarnpkg.com/@babel/runtime/-/runtime-7.20.1.tgz#1148bb33ab252b165a06698fde7576092a78b4a9"
  integrity sha512-mrzLkl6U9YLF8qpqI7TB82PESyEGjm/0Ly91jG575eVxMMlb8fYfOXFZIJ8XfLrJZQbm7dlKry2bJmXBUEkdFg==
  dependencies:
    regenerator-runtime "^0.13.10"

"@reduxjs/toolkit@^1.9.0":
  version "1.9.0"
  resolved "https://registry.yarnpkg.com/@reduxjs/toolkit/-/toolkit-1.9.0.tgz#76b264fcea677d256b18f86cc77e00743a9e02b0"
  integrity sha512-ak11IrjYcUXRqlhNPwnz6AcvA2ynJTu8PzDbbqQw4a3xR4KZtgiqbNblQD+10CRbfK4+5C79SOyxnT9dhBqFnA==
  dependencies:
    immer "^9.0.16"
    redux "^4.2.0"
    redux-thunk "^2.4.2"
    reselect "^4.1.7"

"@storybook/addon-a11y@^6.5.13":
  version "6.5.13"
  resolved "https://registry.yarnpkg.com/@storybook/addon-a11y/-/addon-a11y-6.5.13.tgz#3934b12dc2f3bf7a1a1bc660aa7b84b856bc2b6c"
  integrity sha512-+Tcl/4LWRh3ygLUZFGvkjT42CF/tJcP+kgsIho7i2MxpgZyD6+BUhL9srPZusjbR+uHcHXJ/yxw/vxFQ+UCTLA==
  dependencies:
    "@storybook/addons" "6.5.13"
    "@storybook/api" "6.5.13"
    "@storybook/channels" "6.5.13"
    "@storybook/client-logger" "6.5.13"
    "@storybook/components" "6.5.13"
    "@storybook/core-events" "6.5.13"
    "@storybook/csf" "0.0.2--canary.4566f4d.1"
    "@storybook/theming" "6.5.13"
    axe-core "^4.2.0"
    core-js "^3.8.2"
    global "^4.4.0"
    lodash "^4.17.21"
    react-sizeme "^3.0.1"
    regenerator-runtime "^0.13.7"
    ts-dedent "^2.0.0"
    util-deprecate "^1.0.2"

"@storybook/addons@6.5.13":
  version "6.5.13"
  resolved "https://registry.yarnpkg.com/@storybook/addons/-/addons-6.5.13.tgz#61ec5eab07879400d423d60bb397880d10ee5e73"
  integrity sha512-18CqzNnrGMfeZtiKz+R/3rHtSNnfNwz6y6prIQIbWseK16jY8ELTfIFGviwO5V2OqpbHDQi5+xQQ63QAIb89YA==
  dependencies:
    "@storybook/api" "6.5.13"
    "@storybook/channels" "6.5.13"
    "@storybook/client-logger" "6.5.13"
    "@storybook/core-events" "6.5.13"
    "@storybook/csf" "0.0.2--canary.4566f4d.1"
    "@storybook/router" "6.5.13"
    "@storybook/theming" "6.5.13"
    "@types/webpack-env" "^1.16.0"
    core-js "^3.8.2"
    global "^4.4.0"
    regenerator-runtime "^0.13.7"

"@storybook/api@6.5.13":
  version "6.5.13"
  resolved "https://registry.yarnpkg.com/@storybook/api/-/api-6.5.13.tgz#8671e580721ff68d209fcde2975f967ae79b7d64"
  integrity sha512-xVSmB7/IuFd6G7eiJjbI2MuS7SZunoUM6d+YCWpjiehfMeX47MXt1gZtOwFrgJC1ShZlefXFahq/dvxwtmWs+w==
  dependencies:
    "@storybook/channels" "6.5.13"
    "@storybook/client-logger" "6.5.13"
    "@storybook/core-events" "6.5.13"
    "@storybook/csf" "0.0.2--canary.4566f4d.1"
    "@storybook/router" "6.5.13"
    "@storybook/semver" "^7.3.2"
    "@storybook/theming" "6.5.13"
    core-js "^3.8.2"
    fast-deep-equal "^3.1.3"
    global "^4.4.0"
    lodash "^4.17.21"
    memoizerific "^1.11.3"
    regenerator-runtime "^0.13.7"
    store2 "^2.12.0"
    telejson "^6.0.8"
    ts-dedent "^2.0.0"
    util-deprecate "^1.0.2"

"@storybook/channels@6.5.13":
  version "6.5.13"
  resolved "https://registry.yarnpkg.com/@storybook/channels/-/channels-6.5.13.tgz#f3f86b90a7832484ee3dcbc6845f5a47f62f028f"
  integrity sha512-sGYSilE30bz0jG+HdHnkv0B4XkAv2hP+KRZr4xmnv+MOOQpRnZpJ5Z3HVU16s17cj/83NWihKj6BuKcEVzyilg==
  dependencies:
    core-js "^3.8.2"
    ts-dedent "^2.0.0"
    util-deprecate "^1.0.2"

"@storybook/client-logger@6.5.13":
  version "6.5.13"
  resolved "https://registry.yarnpkg.com/@storybook/client-logger/-/client-logger-6.5.13.tgz#83f332dd9bb4ff1696d16b0cc24561df90905264"
  integrity sha512-F2SMW3LWFGXLm2ENTwTitrLWJgmMXRf3CWQXdN2EbkNCIBHy5Zcbt+91K4OX8e2e5h9gjGfrdYbyYDYOoUCEfA==
  dependencies:
    core-js "^3.8.2"
    global "^4.4.0"

"@storybook/components@6.5.13":
  version "6.5.13"
  resolved "https://registry.yarnpkg.com/@storybook/components/-/components-6.5.13.tgz#a05fc969458760b348d640f26c2cad310ab35030"
  integrity sha512-6Hhx70JK5pGfKCkqMU4yq/BBH+vRTmzj7tZKfPwba+f8VmTMoOr/2ysTQFRtXryiHB6Z15xBYgfq5x2pIwQzLQ==
  dependencies:
    "@storybook/client-logger" "6.5.13"
    "@storybook/csf" "0.0.2--canary.4566f4d.1"
    "@storybook/theming" "6.5.13"
    core-js "^3.8.2"
    memoizerific "^1.11.3"
    qs "^6.10.0"
    regenerator-runtime "^0.13.7"
    util-deprecate "^1.0.2"

"@storybook/core-events@6.5.13":
  version "6.5.13"
  resolved "https://registry.yarnpkg.com/@storybook/core-events/-/core-events-6.5.13.tgz#a8c0cc92694f09981ca6501d5c5ef328db18db8a"
  integrity sha512-kL745tPpRKejzHToA3/CoBNbI+NPRVk186vGxXBmk95OEg0TlwgQExP8BnqEtLlRZMbW08e4+6kilc1M1M4N5w==
  dependencies:
    core-js "^3.8.2"

"@storybook/csf@0.0.2--canary.4566f4d.1":
  version "0.0.2--canary.4566f4d.1"
  resolved "https://registry.yarnpkg.com/@storybook/csf/-/csf-0.0.2--canary.4566f4d.1.tgz#dac52a21c40ef198554e71fe4d20d61e17f65327"
  integrity sha512-9OVvMVh3t9znYZwb0Svf/YQoxX2gVOeQTGe2bses2yj+a3+OJnCrUF3/hGv6Em7KujtOdL2LL+JnG49oMVGFgQ==
  dependencies:
    lodash "^4.17.15"

"@storybook/router@6.5.13":
  version "6.5.13"
  resolved "https://registry.yarnpkg.com/@storybook/router/-/router-6.5.13.tgz#c8bfed96f2343b097d416cfc95194038365fce94"
  integrity sha512-sf5aogfirH5ucD0d0hc2mKf2iyWsZsvXhr5kjxUQmgkcoflkGUWhc34sbSQVRQ1i8K5lkLIDH/q2s1Zr2SbzhQ==
  dependencies:
    "@storybook/client-logger" "6.5.13"
    core-js "^3.8.2"
    memoizerific "^1.11.3"
    qs "^6.10.0"
    regenerator-runtime "^0.13.7"

"@storybook/semver@^7.3.2":
  version "7.3.2"
  resolved "https://registry.yarnpkg.com/@storybook/semver/-/semver-7.3.2.tgz#f3b9c44a1c9a0b933c04e66d0048fcf2fa10dac0"
  integrity sha512-SWeszlsiPsMI0Ps0jVNtH64cI5c0UF3f7KgjVKJoNP30crQ6wUSddY2hsdeczZXEKVJGEn50Q60flcGsQGIcrg==
  dependencies:
    core-js "^3.6.5"
    find-up "^4.1.0"

"@storybook/theming@6.5.13":
  version "6.5.13"
  resolved "https://registry.yarnpkg.com/@storybook/theming/-/theming-6.5.13.tgz#3f905eb9f72ddc28d096384290999057987f3083"
  integrity sha512-oif5NGFAUQhizo50r+ctw2hZNLWV4dPHai+L/gFvbaSeRBeHSNkIcMoZ2FlrO566HdGZTDutYXcR+xus8rI28g==
  dependencies:
    "@storybook/client-logger" "6.5.13"
    core-js "^3.8.2"
    memoizerific "^1.11.3"
    regenerator-runtime "^0.13.7"

"@types/hoist-non-react-statics@^3.3.1":
  version "3.3.1"
  resolved "https://registry.yarnpkg.com/@types/hoist-non-react-statics/-/hoist-non-react-statics-3.3.1.tgz#1124aafe5118cb591977aeb1ceaaed1070eb039f"
  integrity sha512-iMIqiko6ooLrTh1joXodJK5X9xeEALT1kM5G3ZLhD3hszxBdIEd5C75U834D9mLcINgD4OyZf5uQXjkuYydWvA==
  dependencies:
    "@types/react" "*"
    hoist-non-react-statics "^3.3.0"

"@types/is-function@^1.0.0":
  version "1.0.1"
  resolved "https://registry.yarnpkg.com/@types/is-function/-/is-function-1.0.1.tgz#2d024eace950c836d9e3335a66b97960ae41d022"
  integrity sha512-A79HEEiwXTFtfY+Bcbo58M2GRYzCr9itHWzbzHVFNEYCcoU/MMGwYYf721gBrnhpj1s6RGVVha/IgNFnR0Iw/Q==

"@types/prop-types@*":
  version "15.7.5"
  resolved "https://registry.yarnpkg.com/@types/prop-types/-/prop-types-15.7.5.tgz#5f19d2b85a98e9558036f6a3cacc8819420f05cf"
  integrity sha512-JCB8C6SnDoQf0cNycqd/35A7MjcnK+ZTqE7judS6o7utxUCg6imJg3QK2qzHKszlTjcj2cn+NwMB2i96ubpj7w==

"@types/react@*":
  version "18.0.25"
  resolved "https://registry.yarnpkg.com/@types/react/-/react-18.0.25.tgz#8b1dcd7e56fe7315535a4af25435e0bb55c8ae44"
  integrity sha512-xD6c0KDT4m7n9uD4ZHi02lzskaiqcBxf4zi+tXZY98a04wvc0hi/TcCPC2FOESZi51Nd7tlUeOJY8RofL799/g==
  dependencies:
    "@types/prop-types" "*"
    "@types/scheduler" "*"
    csstype "^3.0.2"

"@types/scheduler@*":
  version "0.16.2"
  resolved "https://registry.yarnpkg.com/@types/scheduler/-/scheduler-0.16.2.tgz#1a62f89525723dde24ba1b01b092bf5df8ad4d39"
  integrity sha512-hppQEBDmlwhFAXKJX2KnWLYu5yMfi91yazPb2l+lbJiwW+wdo1gNeRA+3RgNSO39WYX2euey41KEwnqesU2Jew==

"@types/use-sync-external-store@^0.0.3":
  version "0.0.3"
  resolved "https://registry.yarnpkg.com/@types/use-sync-external-store/-/use-sync-external-store-0.0.3.tgz#b6725d5f4af24ace33b36fafd295136e75509f43"
  integrity sha512-EwmlvuaxPNej9+T4v5AuBPJa2x2UOJVdjCtDHgcDqitUeOtjnJKJ+apYjVcAoBEMjKW1VVFGZLUb5+qqa09XFA==

"@types/webpack-env@^1.16.0":
  version "1.18.0"
  resolved "https://registry.yarnpkg.com/@types/webpack-env/-/webpack-env-1.18.0.tgz#ed6ecaa8e5ed5dfe8b2b3d00181702c9925f13fb"
  integrity sha512-56/MAlX5WMsPVbOg7tAxnYvNYMMWr/QJiIp6BxVSW3JJXUVzzOn64qW8TzQyMSqSUFM2+PVI4aUHcHOzIz/1tg==

axe-core@^4.2.0:
  version "4.5.1"
  resolved "https://registry.yarnpkg.com/axe-core/-/axe-core-4.5.1.tgz#04d561c11b6d76d096d34e9d14ba2c294fb20cdc"
  integrity sha512-1exVbW0X1O/HSr/WMwnaweyqcWOgZgLiVxdLG34pvSQk4NlYQr9OUy0JLwuhFfuVNQzzqgH57eYzkFBCb3bIsQ==

batch-processor@1.0.0:
  version "1.0.0"
  resolved "https://registry.yarnpkg.com/batch-processor/-/batch-processor-1.0.0.tgz#75c95c32b748e0850d10c2b168f6bdbe9891ace8"
  integrity sha512-xoLQD8gmmR32MeuBHgH0Tzd5PuSZx71ZsbhVxOCRbgktZEPe4SQy7s9Z50uPp0F/f7iw2XmkHN2xkgbMfckMDA==

call-bind@^1.0.0, call-bind@^1.0.2:
  version "1.0.2"
  resolved "https://registry.yarnpkg.com/call-bind/-/call-bind-1.0.2.tgz#b1d4e89e688119c3c9a903ad30abb2f6a919be3c"
  integrity sha512-7O+FbCihrB5WGbFYesctwmTKae6rOiIzmz1icreWJ+0aA7LJfuqhEso2T9ncpcFtzMQtzXf2QGGueWJGTYsqrA==
  dependencies:
    function-bind "^1.1.1"
    get-intrinsic "^1.0.2"

core-js@^3.6.5, core-js@^3.8.2:
  version "3.26.0"
  resolved "https://registry.yarnpkg.com/core-js/-/core-js-3.26.0.tgz#a516db0ed0811be10eac5d94f3b8463d03faccfe"
  integrity sha512-+DkDrhoR4Y0PxDz6rurahuB+I45OsEUv8E1maPTB6OuHRohMMcznBq9TMpdpDMm/hUPob/mJJS3PqgbHpMTQgw==

csstype@^3.0.2:
  version "3.1.1"
  resolved "https://registry.yarnpkg.com/csstype/-/csstype-3.1.1.tgz#841b532c45c758ee546a11d5bd7b7b473c8c30b9"
  integrity sha512-DJR/VvkAvSZW9bTouZue2sSxDwdTN92uHjqeKVm+0dAqdfNykRzQ95tay8aXMBAAPpUiq4Qcug2L7neoRh2Egw==

dom-walk@^0.1.0:
  version "0.1.2"
  resolved "https://registry.yarnpkg.com/dom-walk/-/dom-walk-0.1.2.tgz#0c548bef048f4d1f2a97249002236060daa3fd84"
  integrity sha512-6QvTW9mrGeIegrFXdtQi9pk7O/nSK6lSdXW2eqUspN5LWD7UTji2Fqw5V2YLjBpHEoU9Xl/eUWNpDeZvoyOv2w==

element-resize-detector@^1.2.2:
  version "1.2.4"
  resolved "https://registry.yarnpkg.com/element-resize-detector/-/element-resize-detector-1.2.4.tgz#3e6c5982dd77508b5fa7e6d5c02170e26325c9b1"
  integrity sha512-Fl5Ftk6WwXE0wqCgNoseKWndjzZlDCwuPTcoVZfCP9R3EHQF8qUtr3YUPNETegRBOKqQKPW3n4kiIWngGi8tKg==
  dependencies:
    batch-processor "1.0.0"

fast-deep-equal@^3.1.3:
  version "3.1.3"
  resolved "https://registry.yarnpkg.com/fast-deep-equal/-/fast-deep-equal-3.1.3.tgz#3a7d56b559d6cbc3eb512325244e619a65c6c525"
  integrity sha512-f3qQ9oQy9j2AhBe/H9VC91wLmKBCCU/gDOnKNAYG5hswO7BLKj09Hc5HYNz9cGI++xlpDCIgDaitVs03ATR84Q==

find-up@^4.1.0:
  version "4.1.0"
  resolved "https://registry.yarnpkg.com/find-up/-/find-up-4.1.0.tgz#97afe7d6cdc0bc5928584b7c8d7b16e8a9aa5d19"
  integrity sha512-PpOwAdQ/YlXQ2vj8a3h8IipDuYRi3wceVQQGYWxNINccq40Anw7BlsEXCMbt1Zt+OLA6Fq9suIpIWD0OsnISlw==
  dependencies:
    locate-path "^5.0.0"
    path-exists "^4.0.0"

function-bind@^1.1.1:
  version "1.1.1"
  resolved "https://registry.yarnpkg.com/function-bind/-/function-bind-1.1.1.tgz#a56899d3ea3c9bab874bb9773b7c5ede92f4895d"
  integrity sha512-yIovAzMX49sF8Yl58fSCWJ5svSLuaibPxXQJFLmBObTuCr0Mf1KiPopGM9NiFjiYBCbfaa2Fh6breQ6ANVTI0A==

get-intrinsic@^1.0.2:
  version "1.1.3"
  resolved "https://registry.yarnpkg.com/get-intrinsic/-/get-intrinsic-1.1.3.tgz#063c84329ad93e83893c7f4f243ef63ffa351385"
  integrity sha512-QJVz1Tj7MS099PevUG5jvnt9tSkXN8K14dxQlikJuPt4uD9hHAHjLyLBiLR5zELelBdD9QNRAXZzsJx0WaDL9A==
  dependencies:
    function-bind "^1.1.1"
    has "^1.0.3"
    has-symbols "^1.0.3"

global@^4.4.0:
  version "4.4.0"
  resolved "https://registry.yarnpkg.com/global/-/global-4.4.0.tgz#3e7b105179006a323ed71aafca3e9c57a5cc6406"
  integrity sha512-wv/LAoHdRE3BeTGz53FAamhGlPLhlssK45usmGFThIi4XqnBmjKQ16u+RNbP7WvigRZDxUsM0J3gcQ5yicaL0w==
  dependencies:
    min-document "^2.19.0"
    process "^0.11.10"

has-symbols@^1.0.2, has-symbols@^1.0.3:
  version "1.0.3"
  resolved "https://registry.yarnpkg.com/has-symbols/-/has-symbols-1.0.3.tgz#bb7b2c4349251dce87b125f7bdf874aa7c8b39f8"
  integrity sha512-l3LCuF6MgDNwTDKkdYGEihYjt5pRPbEg46rtlmnSPlUbgmB8LOIrKJbYYFBSbnPaJexMKtiPO8hmeRjRz2Td+A==

has-tostringtag@^1.0.0:
  version "1.0.0"
  resolved "https://registry.yarnpkg.com/has-tostringtag/-/has-tostringtag-1.0.0.tgz#7e133818a7d394734f941e73c3d3f9291e658b25"
  integrity sha512-kFjcSNhnlGV1kyoGk7OXKSawH5JOb/LzUc5w9B02hOTO0dfFRjbHQKvg1d6cf3HbeUmtU9VbbV3qzZ2Teh97WQ==
  dependencies:
    has-symbols "^1.0.2"

has@^1.0.3:
  version "1.0.3"
  resolved "https://registry.yarnpkg.com/has/-/has-1.0.3.tgz#722d7cbfc1f6aa8241f16dd814e011e1f41e8796"
  integrity sha512-f2dvO0VU6Oej7RkWJGrehjbzMAjFp5/VKPp5tTpWIV4JHHZK1/BxbFRtf/siA2SWTe09caDmVtYYzWEIbBS4zw==
  dependencies:
    function-bind "^1.1.1"

hoist-non-react-statics@^3.3.0, hoist-non-react-statics@^3.3.2:
  version "3.3.2"
  resolved "https://registry.yarnpkg.com/hoist-non-react-statics/-/hoist-non-react-statics-3.3.2.tgz#ece0acaf71d62c2969c2ec59feff42a4b1a85b45"
  integrity sha512-/gGivxi8JPKWNm/W0jSmzcMPpfpPLc3dY/6GxhX2hQ9iGj3aDfklV4ET7NjKpSinLpJ5vafa9iiGIEZg10SfBw==
  dependencies:
    react-is "^16.7.0"

immer@^9.0.16:
  version "9.0.16"
  resolved "https://registry.yarnpkg.com/immer/-/immer-9.0.16.tgz#8e7caab80118c2b54b37ad43e05758cdefad0198"
  integrity sha512-qenGE7CstVm1NrHQbMh8YaSzTZTFNP3zPqr3YU0S0UY441j4bJTg4A2Hh5KAhwgaiU6ZZ1Ar6y/2f4TblnMReQ==

invariant@^2.2.4:
  version "2.2.4"
  resolved "https://registry.yarnpkg.com/invariant/-/invariant-2.2.4.tgz#610f3c92c9359ce1db616e538008d23ff35158e6"
  integrity sha512-phJfQVBuaJM5raOpJjSfkiD6BpbCE4Ns//LaXl6wGYtUBY83nWS6Rf9tXm2e8VaK60JEjYldbPif/A2B1C2gNA==
  dependencies:
    loose-envify "^1.0.0"

is-function@^1.0.2:
  version "1.0.2"
  resolved "https://registry.yarnpkg.com/is-function/-/is-function-1.0.2.tgz#4f097f30abf6efadac9833b17ca5dc03f8144e08"
  integrity sha512-lw7DUp0aWXYg+CBCN+JKkcE0Q2RayZnSvnZBlwgxHBQhqt5pZNVy4Ri7H9GmmXkdu7LUthszM+Tor1u/2iBcpQ==

is-regex@^1.1.2:
  version "1.1.4"
  resolved "https://registry.yarnpkg.com/is-regex/-/is-regex-1.1.4.tgz#eef5663cd59fa4c0ae339505323df6854bb15958"
  integrity sha512-kvRdxDsxZjhzUX07ZnLydzS1TU/TJlTUHHY4YLL87e37oUA49DfkLqgy+VjFocowy29cKvcSiu+kIv728jTTVg==
  dependencies:
    call-bind "^1.0.2"
    has-tostringtag "^1.0.0"

is-symbol@^1.0.3:
  version "1.0.4"
  resolved "https://registry.yarnpkg.com/is-symbol/-/is-symbol-1.0.4.tgz#a6dac93b635b063ca6872236de88910a57af139c"
  integrity sha512-C/CPBqKWnvdcxqIARxyOh4v1UUEOCHpgDa0WYgpKDFMszcrPcffg5uhwSgPCLD2WWxmq6isisz87tzT01tuGhg==
  dependencies:
    has-symbols "^1.0.2"

isobject@^4.0.0:
  version "4.0.0"
  resolved "https://registry.yarnpkg.com/isobject/-/isobject-4.0.0.tgz#3f1c9155e73b192022a80819bacd0343711697b0"
  integrity sha512-S/2fF5wH8SJA/kmwr6HYhK/RI/OkhD84k8ntalo0iJjZikgq1XFvR5M8NPT1x5F7fBwCG3qHfnzeP/Vh/ZxCUA==

"js-tokens@^3.0.0 || ^4.0.0":
  version "4.0.0"
  resolved "https://registry.yarnpkg.com/js-tokens/-/js-tokens-4.0.0.tgz#19203fb59991df98e3a287050d4647cdeaf32499"
  integrity sha512-RdJUflcE3cUzKiMqQgsCu06FPu9UdIJO0beYbPhHN4k6apgJtifcoCtT9bcxOpYBtpD2kCM6Sbzg4CausW/PKQ==

locate-path@^5.0.0:
  version "5.0.0"
  resolved "https://registry.yarnpkg.com/locate-path/-/locate-path-5.0.0.tgz#1afba396afd676a6d42504d0a67a3a7eb9f62aa0"
  integrity sha512-t7hw9pI+WvuwNJXwk5zVHpyhIqzg2qTlklJOf0mVxGSbe3Fp2VieZcduNYjaLDoy6p9uGpQEGWG87WpMKlNq8g==
  dependencies:
    p-locate "^4.1.0"

lodash@^4.17.15, lodash@^4.17.21:
  version "4.17.21"
  resolved "https://registry.yarnpkg.com/lodash/-/lodash-4.17.21.tgz#679591c564c3bffaae8454cf0b3df370c3d6911c"
  integrity sha512-v2kDEe57lecTulaDIuNTPy3Ry4gLGJ6Z1O3vE1krgXZNrsQ+LFTGHVxVjcXPs17LhbZVGedAJv8XZ1tvj5FvSg==

loose-envify@^1.0.0:
  version "1.4.0"
  resolved "https://registry.yarnpkg.com/loose-envify/-/loose-envify-1.4.0.tgz#71ee51fa7be4caec1a63839f7e682d8132d30caf"
  integrity sha512-lyuxPGr/Wfhrlem2CL/UcnUc1zcqKAImBDzukY7Y5F/yQiNdko6+fRLevlw1HgMySw7f611UIY408EtxRSoK3Q==
  dependencies:
    js-tokens "^3.0.0 || ^4.0.0"

map-or-similar@^1.5.0:
  version "1.5.0"
  resolved "https://registry.yarnpkg.com/map-or-similar/-/map-or-similar-1.5.0.tgz#6de2653174adfb5d9edc33c69d3e92a1b76faf08"
  integrity sha512-0aF7ZmVon1igznGI4VS30yugpduQW3y3GkcgGJOp7d8x8QrizhigUxjI/m2UojsXXto+jLAH3KSz+xOJTiORjg==

memoizerific@^1.11.3:
  version "1.11.3"
  resolved "https://registry.yarnpkg.com/memoizerific/-/memoizerific-1.11.3.tgz#7c87a4646444c32d75438570905f2dbd1b1a805a"
  integrity sha512-/EuHYwAPdLtXwAwSZkh/Gutery6pD2KYd44oQLhAvQp/50mpyduZh8Q7PYHXTCJ+wuXxt7oij2LXyIJOOYFPog==
  dependencies:
    map-or-similar "^1.5.0"

min-document@^2.19.0:
  version "2.19.0"
  resolved "https://registry.yarnpkg.com/min-document/-/min-document-2.19.0.tgz#7bd282e3f5842ed295bb748cdd9f1ffa2c824685"
  integrity sha512-9Wy1B3m3f66bPPmU5hdA4DR4PB2OfDU/+GS3yAB7IQozE3tqXaVv2zOjgla7MEGSRv95+ILmOuvhLkOK6wJtCQ==
  dependencies:
    dom-walk "^0.1.0"

object-inspect@^1.9.0:
  version "1.12.2"
  resolved "https://registry.yarnpkg.com/object-inspect/-/object-inspect-1.12.2.tgz#c0641f26394532f28ab8d796ab954e43c009a8ea"
  integrity sha512-z+cPxW0QGUp0mcqcsgQyLVRDoXFQbXOwBaqyF7VIgI4TWNQsDHrBpUQslRmIfAoYWdYzs6UlKJtB2XJpTaNSpQ==

p-limit@^2.2.0:
  version "2.3.0"
  resolved "https://registry.yarnpkg.com/p-limit/-/p-limit-2.3.0.tgz#3dd33c647a214fdfffd835933eb086da0dc21db1"
  integrity sha512-//88mFWSJx8lxCzwdAABTJL2MyWB12+eIY7MDL2SqLmAkeKU9qxRvWuSyTjm3FUmpBEMuFfckAIqEaVGUDxb6w==
  dependencies:
    p-try "^2.0.0"

p-locate@^4.1.0:
  version "4.1.0"
  resolved "https://registry.yarnpkg.com/p-locate/-/p-locate-4.1.0.tgz#a3428bb7088b3a60292f66919278b7c297ad4f07"
  integrity sha512-R79ZZ/0wAxKGu3oYMlz8jy/kbhsNrS7SKZ7PxEHBgJ5+F2mtFW2fK2cOtBh1cHYkQsbzFV7I+EoRKe6Yt0oK7A==
  dependencies:
    p-limit "^2.2.0"

p-try@^2.0.0:
  version "2.2.0"
  resolved "https://registry.yarnpkg.com/p-try/-/p-try-2.2.0.tgz#cb2868540e313d61de58fafbe35ce9004d5540e6"
  integrity sha512-R4nPAVTAU0B9D35/Gk3uJf/7XYbQcyohSKdvAxIRSNghFl4e71hVoGnBNQz9cWaXxO2I10KTC+3jMdvvoKw6dQ==

path-exists@^4.0.0:
  version "4.0.0"
  resolved "https://registry.yarnpkg.com/path-exists/-/path-exists-4.0.0.tgz#513bdbe2d3b95d7762e8c1137efa195c6c61b5b3"
  integrity sha512-ak9Qy5Q7jYb2Wwcey5Fpvg2KoAc/ZIhLSLOSBmRmygPsGwkVVt0fZa0qrtMz+m6tJTAHfZQ8FnmB4MG4LWy7/w==

process@^0.11.10:
  version "0.11.10"
  resolved "https://registry.yarnpkg.com/process/-/process-0.11.10.tgz#7332300e840161bda3e69a1d1d91a7d4bc16f182"
  integrity sha512-cdGef/drWFoydD1JsMzuFf8100nZl+GT+yacc2bEced5f9Rjk4z+WtFUTBu9PhOi9j/jfmBPu0mMEY4wIdAF8A==

qs@^6.10.0:
  version "6.11.0"
  resolved "https://registry.yarnpkg.com/qs/-/qs-6.11.0.tgz#fd0d963446f7a65e1367e01abd85429453f0c37a"
  integrity sha512-MvjoMCJwEarSbUYk5O+nmoSzSutSsTwF85zcHPQ9OrlFoZOYIjaqBAJIqIXjptyD5vThxGq52Xu/MaJzRkIk4Q==
  dependencies:
    side-channel "^1.0.4"

react-is@^16.7.0:
  version "16.13.1"
  resolved "https://registry.yarnpkg.com/react-is/-/react-is-16.13.1.tgz#789729a4dc36de2999dc156dd6c1d9c18cea56a4"
  integrity sha512-24e6ynE2H+OKt4kqsOvNd8kBpV65zoxbA4BVsEOB3ARVWQki/DHzaUoC5KuON/BiccDaCCTZBuOcfZs70kR8bQ==

react-is@^18.0.0:
  version "18.2.0"
  resolved "https://registry.yarnpkg.com/react-is/-/react-is-18.2.0.tgz#199431eeaaa2e09f86427efbb4f1473edb47609b"
  integrity sha512-xWGDIW6x921xtzPkhiULtthJHoJvBbF3q26fzloPCK0hsvxtPVelvftw3zjbHWSkR2km9Z+4uxbDDK/6Zw9B8w==

react-redux@^8.0.5:
  version "8.0.5"
  resolved "https://registry.yarnpkg.com/react-redux/-/react-redux-8.0.5.tgz#e5fb8331993a019b8aaf2e167a93d10af469c7bd"
  integrity sha512-Q2f6fCKxPFpkXt1qNRZdEDLlScsDWyrgSj0mliK59qU6W5gvBiKkdMEG2lJzhd1rCctf0hb6EtePPLZ2e0m1uw==
  dependencies:
    "@babel/runtime" "^7.12.1"
    "@types/hoist-non-react-statics" "^3.3.1"
    "@types/use-sync-external-store" "^0.0.3"
    hoist-non-react-statics "^3.3.2"
    react-is "^18.0.0"
    use-sync-external-store "^1.0.0"

react-sizeme@^3.0.1:
  version "3.0.2"
  resolved "https://registry.yarnpkg.com/react-sizeme/-/react-sizeme-3.0.2.tgz#4a2f167905ba8f8b8d932a9e35164e459f9020e4"
  integrity sha512-xOIAOqqSSmKlKFJLO3inBQBdymzDuXx4iuwkNcJmC96jeiOg5ojByvL+g3MW9LPEsojLbC6pf68zOfobK8IPlw==
  dependencies:
    element-resize-detector "^1.2.2"
    invariant "^2.2.4"
    shallowequal "^1.1.0"
    throttle-debounce "^3.0.1"

redux-thunk@^2.4.2:
  version "2.4.2"
  resolved "https://registry.yarnpkg.com/redux-thunk/-/redux-thunk-2.4.2.tgz#b9d05d11994b99f7a91ea223e8b04cf0afa5ef3b"
  integrity sha512-+P3TjtnP0k/FEjcBL5FZpoovtvrTNT/UXd4/sluaSyrURlSlhLSzEdfsTBW7WsKB6yPvgd7q/iZPICFjW4o57Q==

redux@^4.2.0:
  version "4.2.0"
  resolved "https://registry.yarnpkg.com/redux/-/redux-4.2.0.tgz#46f10d6e29b6666df758780437651eeb2b969f13"
  integrity sha512-oSBmcKKIuIR4ME29/AeNUnl5L+hvBq7OaJWzaptTQJAntaPvxIJqfnjbaEiCzzaIz+XmVILfqAM3Ob0aXLPfjA==
  dependencies:
    "@babel/runtime" "^7.9.2"

regenerator-runtime@^0.13.10, regenerator-runtime@^0.13.7:
  version "0.13.10"
  resolved "https://registry.yarnpkg.com/regenerator-runtime/-/regenerator-runtime-0.13.10.tgz#ed07b19616bcbec5da6274ebc75ae95634bfc2ee"
  integrity sha512-KepLsg4dU12hryUO7bp/axHAKvwGOCV0sGloQtpagJ12ai+ojVDqkeGSiRX1zlq+kjIMZ1t7gpze+26QqtdGqw==

reselect@^4.1.7:
  version "4.1.7"
  resolved "https://registry.yarnpkg.com/reselect/-/reselect-4.1.7.tgz#56480d9ff3d3188970ee2b76527bd94a95567a42"
  integrity sha512-Zu1xbUt3/OPwsXL46hvOOoQrap2azE7ZQbokq61BQfiXvhewsKDwhMeZjTX9sX0nvw1t/U5Audyn1I9P/m9z0A==

shallowequal@^1.1.0:
  version "1.1.0"
  resolved "https://registry.yarnpkg.com/shallowequal/-/shallowequal-1.1.0.tgz#188d521de95b9087404fd4dcb68b13df0ae4e7f8"
  integrity sha512-y0m1JoUZSlPAjXVtPPW70aZWfIL/dSP7AFkRnniLCrK/8MDKog3TySTBmckD+RObVxH0v4Tox67+F14PdED2oQ==

side-channel@^1.0.4:
  version "1.0.4"
  resolved "https://registry.yarnpkg.com/side-channel/-/side-channel-1.0.4.tgz#efce5c8fdc104ee751b25c58d4290011fa5ea2cf"
  integrity sha512-q5XPytqFEIKHkGdiMIrY10mvLRvnQh42/+GoBlFW3b2LXLE2xxJpZFdm94we0BaoV3RwJyGqg5wS7epxTv0Zvw==
  dependencies:
    call-bind "^1.0.0"
    get-intrinsic "^1.0.2"
    object-inspect "^1.9.0"

store2@^2.12.0:
  version "2.14.2"
  resolved "https://registry.yarnpkg.com/store2/-/store2-2.14.2.tgz#56138d200f9fe5f582ad63bc2704dbc0e4a45068"
  integrity sha512-siT1RiqlfQnGqgT/YzXVUNsom9S0H1OX+dpdGN1xkyYATo4I6sep5NmsRD/40s3IIOvlCq6akxkqG82urIZW1w==

telejson@^6.0.8:
  version "6.0.8"
  resolved "https://registry.yarnpkg.com/telejson/-/telejson-6.0.8.tgz#1c432db7e7a9212c1fbd941c3e5174ec385148f7"
  integrity sha512-nerNXi+j8NK1QEfBHtZUN/aLdDcyupA//9kAboYLrtzZlPLpUfqbVGWb9zz91f/mIjRbAYhbgtnJHY8I1b5MBg==
  dependencies:
    "@types/is-function" "^1.0.0"
    global "^4.4.0"
    is-function "^1.0.2"
    is-regex "^1.1.2"
    is-symbol "^1.0.3"
    isobject "^4.0.0"
    lodash "^4.17.21"
    memoizerific "^1.11.3"

throttle-debounce@^3.0.1:
  version "3.0.1"
  resolved "https://registry.yarnpkg.com/throttle-debounce/-/throttle-debounce-3.0.1.tgz#32f94d84dfa894f786c9a1f290e7a645b6a19abb"
  integrity sha512-dTEWWNu6JmeVXY0ZYoPuH5cRIwc0MeGbJwah9KUNYSJwommQpCzTySTpEe8Gs1J23aeWEuAobe4Ag7EHVt/LOg==

ts-dedent@^2.0.0:
  version "2.2.0"
  resolved "https://registry.yarnpkg.com/ts-dedent/-/ts-dedent-2.2.0.tgz#39e4bd297cd036292ae2394eb3412be63f563bb5"
  integrity sha512-q5W7tVM71e2xjHZTlgfTDoPF/SmqKG5hddq9SzR49CH2hayqRKJtQ4mtRlSxKaJlR/+9rEM+mnBHf7I2/BQcpQ==

use-sync-external-store@^1.0.0:
  version "1.2.0"
  resolved "https://registry.yarnpkg.com/use-sync-external-store/-/use-sync-external-store-1.2.0.tgz#7dbefd6ef3fe4e767a0cf5d7287aacfb5846928a"
  integrity sha512-eEgnFxGQ1Ife9bzYs6VLi8/4X6CObHMw9Qr9tPY43iKwsPw8xE8+EFsf/2cFZ5S3esXgpWgtSCtLNS41F+sKPA==

util-deprecate@^1.0.2:
  version "1.0.2"
  resolved "https://registry.yarnpkg.com/util-deprecate/-/util-deprecate-1.0.2.tgz#450d4dc9fa70de732762fbd2d4a28981419a0ccf"
  integrity sha512-EPD5q1uXyFxJpCrLnCc1nHnq3gOa6DZBocAIiI2TaSCA7VCJ1UJDMagCzIkXNsUYfD1daK//LTEQ8xiIbrHtcw==
